// !$*UTF8*$!
{
	archiveVersion = 1;
	classes = {
	};
	objectVersion = 46;
	objects = {

/* Begin PBXBuildFile section */
		A7355C581D3AF41200F4BC79 /* KRNItems.m in Sources */ = {isa = PBXBuildFile; fileRef = A7355C571D3AF41200F4BC79 /* KRNItems.m */; };
		A7355C5B1D3AFD3D00F4BC79 /* KRNItemStore.m in Sources */ = {isa = PBXBuildFile; fileRef = A7355C5A1D3AFD3D00F4BC79 /* KRNItemStore.m */; };
		A79F72101D3C91C7003F6AEC /* HeaderView.xib in Resources */ = {isa = PBXBuildFile; fileRef = A79F720F1D3C91C7003F6AEC /* HeaderView.xib */; };
		A79F721B1D3D735D003F6AEC /* KRNDetailViewController.m in Sources */ = {isa = PBXBuildFile; fileRef = A79F72191D3D735D003F6AEC /* KRNDetailViewController.m */; };
		A79F721C1D3D735D003F6AEC /* KRNDetailViewController.xib in Resources */ = {isa = PBXBuildFile; fileRef = A79F721A1D3D735D003F6AEC /* KRNDetailViewController.xib */; };
		A7A64D101D4952BF001ADF13 /* KRNItemCell.m in Sources */ = {isa = PBXBuildFile; fileRef = A7A64D0F1D4952BF001ADF13 /* KRNItemCell.m */; };
		A7A64D121D49530B001ADF13 /* KRNItemCell.xib in Resources */ = {isa = PBXBuildFile; fileRef = A7A64D111D49530B001ADF13 /* KRNItemCell.xib */; };
		A7B96DD81D3AEBB90029F776 /* main.m in Sources */ = {isa = PBXBuildFile; fileRef = A7B96DD71D3AEBB90029F776 /* main.m */; };
		A7B96DDB1D3AEBB90029F776 /* AppDelegate.m in Sources */ = {isa = PBXBuildFile; fileRef = A7B96DDA1D3AEBB90029F776 /* AppDelegate.m */; };
		A7B96DDE1D3AEBB90029F776 /* ViewController.m in Sources */ = {isa = PBXBuildFile; fileRef = A7B96DDD1D3AEBB90029F776 /* ViewController.m */; };
		A7B96DE11D3AEBB90029F776 /* Main.storyboard in Resources */ = {isa = PBXBuildFile; fileRef = A7B96DDF1D3AEBB90029F776 /* Main.storyboard */; };
		A7B96DE31D3AEBB90029F776 /* Assets.xcassets in Resources */ = {isa = PBXBuildFile; fileRef = A7B96DE21D3AEBB90029F776 /* Assets.xcassets */; };
		A7B96DE61D3AEBB90029F776 /* LaunchScreen.storyboard in Resources */ = {isa = PBXBuildFile; fileRef = A7B96DE41D3AEBB90029F776 /* LaunchScreen.storyboard */; };
		A7B96DF51D3AEE5C0029F776 /* KRNItemsViewController.m in Sources */ = {isa = PBXBuildFile; fileRef = A7B96DF41D3AEE5C0029F776 /* KRNItemsViewController.m */; };
		A7FB0B161D3E97510005B166 /* KRNImageStore.m in Sources */ = {isa = PBXBuildFile; fileRef = A7FB0B151D3E97510005B166 /* KRNImageStore.m */; };
/* End PBXBuildFile section */

/* Begin PBXFileReference section */
		A7355C561D3AF41200F4BC79 /* KRNItems.h */ = {isa = PBXFileReference; fileEncoding = 4; lastKnownFileType = sourcecode.c.h; path = KRNItems.h; sourceTree = "<group>"; };
		A7355C571D3AF41200F4BC79 /* KRNItems.m */ = {isa = PBXFileReference; fileEncoding = 4; lastKnownFileType = sourcecode.c.objc; path = KRNItems.m; sourceTree = "<group>"; };
		A7355C591D3AFD3D00F4BC79 /* KRNItemStore.h */ = {isa = PBXFileReference; fileEncoding = 4; lastKnownFileType = sourcecode.c.h; path = KRNItemStore.h; sourceTree = "<group>"; };
		A7355C5A1D3AFD3D00F4BC79 /* KRNItemStore.m */ = {isa = PBXFileReference; fileEncoding = 4; lastKnownFileType = sourcecode.c.objc; path = KRNItemStore.m; sourceTree = "<group>"; };
		A79F720F1D3C91C7003F6AEC /* HeaderView.xib */ = {isa = PBXFileReference; fileEncoding = 4; lastKnownFileType = file.xib; path = HeaderView.xib; sourceTree = "<group>"; };
		A79F72181D3D735D003F6AEC /* KRNDetailViewController.h */ = {isa = PBXFileReference; fileEncoding = 4; lastKnownFileType = sourcecode.c.h; path = KRNDetailViewController.h; sourceTree = "<group>"; };
		A79F72191D3D735D003F6AEC /* KRNDetailViewController.m */ = {isa = PBXFileReference; fileEncoding = 4; lastKnownFileType = sourcecode.c.objc; path = KRNDetailViewController.m; sourceTree = "<group>"; };
		A79F721A1D3D735D003F6AEC /* KRNDetailViewController.xib */ = {isa = PBXFileReference; fileEncoding = 4; lastKnownFileType = file.xib; path = KRNDetailViewController.xib; sourceTree = "<group>"; };
		A7A64D0E1D4952BF001ADF13 /* KRNItemCell.h */ = {isa = PBXFileReference; fileEncoding = 4; lastKnownFileType = sourcecode.c.h; path = KRNItemCell.h; sourceTree = "<group>"; };
		A7A64D0F1D4952BF001ADF13 /* KRNItemCell.m */ = {isa = PBXFileReference; fileEncoding = 4; lastKnownFileType = sourcecode.c.objc; path = KRNItemCell.m; sourceTree = "<group>"; };
		A7A64D111D49530B001ADF13 /* KRNItemCell.xib */ = {isa = PBXFileReference; fileEncoding = 4; lastKnownFileType = file.xib; path = KRNItemCell.xib; sourceTree = "<group>"; };
		A7B96DD31D3AEBB90029F776 /* Homepwner.app */ = {isa = PBXFileReference; explicitFileType = wrapper.application; includeInIndex = 0; path = Homepwner.app; sourceTree = BUILT_PRODUCTS_DIR; };
		A7B96DD71D3AEBB90029F776 /* main.m */ = {isa = PBXFileReference; lastKnownFileType = sourcecode.c.objc; path = main.m; sourceTree = "<group>"; };
		A7B96DD91D3AEBB90029F776 /* AppDelegate.h */ = {isa = PBXFileReference; lastKnownFileType = sourcecode.c.h; path = AppDelegate.h; sourceTree = "<group>"; };
		A7B96DDA1D3AEBB90029F776 /* AppDelegate.m */ = {isa = PBXFileReference; lastKnownFileType = sourcecode.c.objc; path = AppDelegate.m; sourceTree = "<group>"; };
		A7B96DDC1D3AEBB90029F776 /* ViewController.h */ = {isa = PBXFileReference; lastKnownFileType = sourcecode.c.h; path = ViewController.h; sourceTree = "<group>"; };
		A7B96DDD1D3AEBB90029F776 /* ViewController.m */ = {isa = PBXFileReference; lastKnownFileType = sourcecode.c.objc; path = ViewController.m; sourceTree = "<group>"; };
		A7B96DE01D3AEBB90029F776 /* Base */ = {isa = PBXFileReference; lastKnownFileType = file.storyboard; name = Base; path = Base.lproj/Main.storyboard; sourceTree = "<group>"; };
		A7B96DE21D3AEBB90029F776 /* Assets.xcassets */ = {isa = PBXFileReference; lastKnownFileType = folder.assetcatalog; path = Assets.xcassets; sourceTree = "<group>"; };
		A7B96DE51D3AEBB90029F776 /* Base */ = {isa = PBXFileReference; lastKnownFileType = file.storyboard; name = Base; path = Base.lproj/LaunchScreen.storyboard; sourceTree = "<group>"; };
		A7B96DE71D3AEBB90029F776 /* Info.plist */ = {isa = PBXFileReference; lastKnownFileType = text.plist.xml; path = Info.plist; sourceTree = "<group>"; };
		A7B96DF31D3AEE5C0029F776 /* KRNItemsViewController.h */ = {isa = PBXFileReference; fileEncoding = 4; lastKnownFileType = sourcecode.c.h; path = KRNItemsViewController.h; sourceTree = "<group>"; };
		A7B96DF41D3AEE5C0029F776 /* KRNItemsViewController.m */ = {isa = PBXFileReference; fileEncoding = 4; lastKnownFileType = sourcecode.c.objc; path = KRNItemsViewController.m; sourceTree = "<group>"; };
		A7FB0B141D3E97510005B166 /* KRNImageStore.h */ = {isa = PBXFileReference; fileEncoding = 4; lastKnownFileType = sourcecode.c.h; path = KRNImageStore.h; sourceTree = "<group>"; };
		A7FB0B151D3E97510005B166 /* KRNImageStore.m */ = {isa = PBXFileReference; fileEncoding = 4; lastKnownFileType = sourcecode.c.objc; path = KRNImageStore.m; sourceTree = "<group>"; };
/* End PBXFileReference section */

/* Begin PBXFrameworksBuildPhase section */
		A7B96DD01D3AEBB90029F776 /* Frameworks */ = {
			isa = PBXFrameworksBuildPhase;
			buildActionMask = 2147483647;
			files = (
			);
			runOnlyForDeploymentPostprocessing = 0;
		};
/* End PBXFrameworksBuildPhase section */

/* Begin PBXGroup section */
		A7B96DCA1D3AEBB90029F776 = {
			isa = PBXGroup;
			children = (
				A7B96DD51D3AEBB90029F776 /* Homepwner */,
				A7B96DD41D3AEBB90029F776 /* Products */,
			);
			sourceTree = "<group>";
		};
		A7B96DD41D3AEBB90029F776 /* Products */ = {
			isa = PBXGroup;
			children = (
				A7B96DD31D3AEBB90029F776 /* Homepwner.app */,
			);
			name = Products;
			sourceTree = "<group>";
		};
		A7B96DD51D3AEBB90029F776 /* Homepwner */ = {
			isa = PBXGroup;
			children = (
				A79F72181D3D735D003F6AEC /* KRNDetailViewController.h */,
				A79F72191D3D735D003F6AEC /* KRNDetailViewController.m */,
				A79F721A1D3D735D003F6AEC /* KRNDetailViewController.xib */,
				A7FB0B141D3E97510005B166 /* KRNImageStore.h */,
				A7FB0B151D3E97510005B166 /* KRNImageStore.m */,
				A7A64D0E1D4952BF001ADF13 /* KRNItemCell.h */,
				A7A64D0F1D4952BF001ADF13 /* KRNItemCell.m */,
				A7A64D111D49530B001ADF13 /* KRNItemCell.xib */,
				A7B96DF31D3AEE5C0029F776 /* KRNItemsViewController.h */,
				A7B96DF41D3AEE5C0029F776 /* KRNItemsViewController.m */,
				A79F720F1D3C91C7003F6AEC /* HeaderView.xib */,
				A7355C561D3AF41200F4BC79 /* KRNItems.h */,
				A7355C571D3AF41200F4BC79 /* KRNItems.m */,
				A7355C591D3AFD3D00F4BC79 /* KRNItemStore.h */,
				A7355C5A1D3AFD3D00F4BC79 /* KRNItemStore.m */,
				A7B96DD91D3AEBB90029F776 /* AppDelegate.h */,
				A7B96DDA1D3AEBB90029F776 /* AppDelegate.m */,
				A7B96DDC1D3AEBB90029F776 /* ViewController.h */,
				A7B96DDD1D3AEBB90029F776 /* ViewController.m */,
				A7B96DDF1D3AEBB90029F776 /* Main.storyboard */,
				A7B96DE21D3AEBB90029F776 /* Assets.xcassets */,
				A7B96DE41D3AEBB90029F776 /* LaunchScreen.storyboard */,
				A7B96DE71D3AEBB90029F776 /* Info.plist */,
				A7B96DD61D3AEBB90029F776 /* Supporting Files */,
			);
			path = Homepwner;
			sourceTree = "<group>";
		};
		A7B96DD61D3AEBB90029F776 /* Supporting Files */ = {
			isa = PBXGroup;
			children = (
				A7B96DD71D3AEBB90029F776 /* main.m */,
			);
			name = "Supporting Files";
			sourceTree = "<group>";
		};
/* End PBXGroup section */

/* Begin PBXNativeTarget section */
		A7B96DD21D3AEBB90029F776 /* Homepwner */ = {
			isa = PBXNativeTarget;
			buildConfigurationList = A7B96DEA1D3AEBB90029F776 /* Build configuration list for PBXNativeTarget "Homepwner" */;
			buildPhases = (
				A7B96DCF1D3AEBB90029F776 /* Sources */,
				A7B96DD01D3AEBB90029F776 /* Frameworks */,
				A7B96DD11D3AEBB90029F776 /* Resources */,
			);
			buildRules = (
			);
			dependencies = (
			);
			name = Homepwner;
			productName = Homepwner;
			productReference = A7B96DD31D3AEBB90029F776 /* Homepwner.app */;
			productType = "com.apple.product-type.application";
		};
/* End PBXNativeTarget section */

/* Begin PBXProject section */
		A7B96DCB1D3AEBB90029F776 /* Project object */ = {
			isa = PBXProject;
			attributes = {
				LastUpgradeCheck = 0730;
				ORGANIZATIONNAME = "Karan Jivani";
				TargetAttributes = {
					A7B96DD21D3AEBB90029F776 = {
						CreatedOnToolsVersion = 7.3.1;
						DevelopmentTeam = K69MGG379R;
					};
				};
			};
			buildConfigurationList = A7B96DCE1D3AEBB90029F776 /* Build configuration list for PBXProject "Homepwner" */;
			compatibilityVersion = "Xcode 3.2";
			developmentRegion = English;
			hasScannedForEncodings = 0;
			knownRegions = (
				en,
				Base,
			);
			mainGroup = A7B96DCA1D3AEBB90029F776;
			productRefGroup = A7B96DD41D3AEBB90029F776 /* Products */;
			projectDirPath = "";
			projectRoot = "";
			targets = (
				A7B96DD21D3AEBB90029F776 /* Homepwner */,
			);
		};
/* End PBXProject section */

/* Begin PBXResourcesBuildPhase section */
		A7B96DD11D3AEBB90029F776 /* Resources */ = {
			isa = PBXResourcesBuildPhase;
			buildActionMask = 2147483647;
			files = (
				A7B96DE61D3AEBB90029F776 /* LaunchScreen.storyboard in Resources */,
				A7B96DE31D3AEBB90029F776 /* Assets.xcassets in Resources */,
				A7A64D121D49530B001ADF13 /* KRNItemCell.xib in Resources */,
				A7B96DE11D3AEBB90029F776 /* Main.storyboard in Resources */,
				A79F72101D3C91C7003F6AEC /* HeaderView.xib in Resources */,
				A79F721C1D3D735D003F6AEC /* KRNDetailViewController.xib in Resources */,
			);
			runOnlyForDeploymentPostprocessing = 0;
		};
/* End PBXResourcesBuildPhase section */

/* Begin PBXSourcesBuildPhase section */
		A7B96DCF1D3AEBB90029F776 /* Sources */ = {
			isa = PBXSourcesBuildPhase;
			buildActionMask = 2147483647;
			files = (
				A7355C5B1D3AFD3D00F4BC79 /* KRNItemStore.m in Sources */,
				A7B96DDE1D3AEBB90029F776 /* ViewController.m in Sources */,
				A7B96DDB1D3AEBB90029F776 /* AppDelegate.m in Sources */,
				A7355C581D3AF41200F4BC79 /* KRNItems.m in Sources */,
				A79F721B1D3D735D003F6AEC /* KRNDetailViewController.m in Sources */,
				A7A64D101D4952BF001ADF13 /* KRNItemCell.m in Sources */,
				A7FB0B161D3E97510005B166 /* KRNImageStore.m in Sources */,
				A7B96DD81D3AEBB90029F776 /* main.m in Sources */,
				A7B96DF51D3AEE5C0029F776 /* KRNItemsViewController.m in Sources */,
			);
			runOnlyForDeploymentPostprocessing = 0;
		};
/* End PBXSourcesBuildPhase section */

/* Begin PBXVariantGroup section */
		A7B96DDF1D3AEBB90029F776 /* Main.storyboard */ = {
			isa = PBXVariantGroup;
			children = (
				A7B96DE01D3AEBB90029F776 /* Base */,
			);
			name = Main.storyboard;
			sourceTree = "<group>";
		};
		A7B96DE41D3AEBB90029F776 /* LaunchScreen.storyboard */ = {
			isa = PBXVariantGroup;
			children = (
				A7B96DE51D3AEBB90029F776 /* Base */,
			);
			name = LaunchScreen.storyboard;
			sourceTree = "<group>";
		};
/* End PBXVariantGroup section */

/* Begin XCBuildConfiguration section */
		A7B96DE81D3AEBB90029F776 /* Debug */ = {
			isa = XCBuildConfiguration;
			buildSettings = {
				ALWAYS_SEARCH_USER_PATHS = NO;
				CLANG_ANALYZER_NONNULL = YES;
				CLANG_CXX_LANGUAGE_STANDARD = "gnu++0x";
				CLANG_CXX_LIBRARY = "libc++";
				CLANG_ENABLE_MODULES = YES;
				CLANG_ENABLE_OBJC_ARC = YES;
				CLANG_WARN_BOOL_CONVERSION = YES;
				CLANG_WARN_CONSTANT_CONVERSION = YES;
				CLANG_WARN_DIRECT_OBJC_ISA_USAGE = YES_ERROR;
				CLANG_WARN_EMPTY_BODY = YES;
				CLANG_WARN_ENUM_CONVERSION = YES;
				CLANG_WARN_INT_CONVERSION = YES;
				CLANG_WARN_OBJC_ROOT_CLASS = YES_ERROR;
				CLANG_WARN_UNREACHABLE_CODE = YES;
				CLANG_WARN__DUPLICATE_METHOD_MATCH = YES;
				"CODE_SIGN_IDENTITY[sdk=iphoneos*]" = "iPhone Developer";
				COPY_PHASE_STRIP = NO;
				DEBUG_INFORMATION_FORMAT = dwarf;
				ENABLE_STRICT_OBJC_MSGSEND = YES;
				ENABLE_TESTABILITY = YES;
				GCC_C_LANGUAGE_STANDARD = gnu99;
				GCC_DYNAMIC_NO_PIC = NO;
				GCC_NO_COMMON_BLOCKS = YES;
				GCC_OPTIMIZATION_LEVEL = 0;
				GCC_PREPROCESSOR_DEFINITIONS = (
					"DEBUG=1",
					"$(inherited)",
				);
				GCC_WARN_64_TO_32_BIT_CONVERSION = YES;
				GCC_WARN_ABOUT_RETURN_TYPE = YES_ERROR;
				GCC_WARN_UNDECLARED_SELECTOR = YES;
				GCC_WARN_UNINITIALIZED_AUTOS = YES_AGGRESSIVE;
				GCC_WARN_UNUSED_FUNCTION = YES;
				GCC_WARN_UNUSED_VARIABLE = YES;
				IPHONEOS_DEPLOYMENT_TARGET = 9.3;
				MTL_ENABLE_DEBUG_INFO = YES;
				ONLY_ACTIVE_ARCH = YES;
				SDKROOT = iphoneos;
				TARGETED_DEVICE_FAMILY = "1,2";
			};
			name = Debug;
		};
		A7B96DE91D3AEBB90029F776 /* Release */ = {
			isa = XCBuildConfiguration;
			buildSettings = {
				ALWAYS_SEARCH_USER_PATHS = NO;
				CLANG_ANALYZER_NONNULL = YES;
				CLANG_CXX_LANGUAGE_STANDARD = "gnu++0x";
				CLANG_CXX_LIBRARY = "libc++";
				CLANG_ENABLE_MODULES = YES;
				CLANG_ENABLE_OBJC_ARC = YES;
				CLANG_WARN_BOOL_CONVERSION = YES;
				CLANG_WARN_CONSTANT_CONVERSION = YES;
				CLANG_WARN_DIRECT_OBJC_ISA_USAGE = YES_ERROR;
				CLANG_WARN_EMPTY_BODY = YES;
				CLANG_WARN_ENUM_CONVERSION = YES;
				CLANG_WARN_INT_CONVERSION = YES;
				CLANG_WARN_OBJC_ROOT_CLASS = YES_ERROR;
				CLANG_WARN_UNREACHABLE_CODE = YES;
				CLANG_WARN__DUPLICATE_METHOD_MATCH = YES;
				"CODE_SIGN_IDENTITY[sdk=iphoneos*]" = "iPhone Developer";
				COPY_PHASE_STRIP = NO;
				DEBUG_INFORMATION_FORMAT = "dwarf-with-dsym";
				ENABLE_NS_ASSERTIONS = NO;
				ENABLE_STRICT_OBJC_MSGSEND = YES;
				GCC_C_LANGUAGE_STANDARD = gnu99;
				GCC_NO_COMMON_BLOCKS = YES;
				GCC_WARN_64_TO_32_BIT_CONVERSION = YES;
				GCC_WARN_ABOUT_RETURN_TYPE = YES_ERROR;
				GCC_WARN_UNDECLARED_SELECTOR = YES;
				GCC_WARN_UNINITIALIZED_AUTOS = YES_AGGRESSIVE;
				GCC_WARN_UNUSED_FUNCTION = YES;
				GCC_WARN_UNUSED_VARIABLE = YES;
				IPHONEOS_DEPLOYMENT_TARGET = 9.3;
				MTL_ENABLE_DEBUG_INFO = NO;
				SDKROOT = iphoneos;
				TARGETED_DEVICE_FAMILY = "1,2";
				VALIDATE_PRODUCT = YES;
			};
			name = Release;
		};
		A7B96DEB1D3AEBB90029F776 /* Debug */ = {
			isa = XCBuildConfiguration;
			buildSettings = {
				ASSETCATALOG_COMPILER_APPICON_NAME = AppIcon;
				CODE_SIGN_IDENTITY = "iPhone Developer";
				"CODE_SIGN_IDENTITY[sdk=iphoneos*]" = "iPhone Developer";
				INFOPLIST_FILE = Homepwner/Info.plist;
				LD_RUNPATH_SEARCH_PATHS = "$(inherited) @executable_path/Frameworks";
				PRODUCT_BUNDLE_IDENTIFIER = com.karanjivani.Homepwner;
				PRODUCT_NAME = "$(TARGET_NAME)";
				PROVISIONING_PROFILE = "";
				TARGETED_DEVICE_FAMILY = "1,2";
			};
			name = Debug;
		};
		A7B96DEC1D3AEBB90029F776 /* Release */ = {
			isa = XCBuildConfiguration;
			buildSettings = {
				ASSETCATALOG_COMPILER_APPICON_NAME = AppIcon;
				CODE_SIGN_IDENTITY = "iPhone Developer";
				"CODE_SIGN_IDENTITY[sdk=iphoneos*]" = "iPhone Developer";
				INFOPLIST_FILE = Homepwner/Info.plist;
				LD_RUNPATH_SEARCH_PATHS = "$(inherited) @executable_path/Frameworks";
				PRODUCT_BUNDLE_IDENTIFIER = com.karanjivani.Homepwner;
				PRODUCT_NAME = "$(TARGET_NAME)";
				PROVISIONING_PROFILE = "";
				TARGETED_DEVICE_FAMILY = "1,2";
			};
			name = Release;
		};
/* End XCBuildConfiguration section */

/* Begin XCConfigurationList section */
		A7B96DCE1D3AEBB90029F776 /* Build configuration list for PBXProject "Homepwner" */ = {
			isa = XCConfigurationList;
			buildConfigurations = (
				A7B96DE81D3AEBB90029F776 /* Debug */,
				A7B96DE91D3AEBB90029F776 /* Release */,
			);
			defaultConfigurationIsVisible = 0;
			defaultConfigurationName = Release;
		};
		A7B96DEA1D3AEBB90029F776 /* Build configuration list for PBXNativeTarget "Homepwner" */ = {
			isa = XCConfigurationList;
			buildConfigurations = (
				A7B96DEB1D3AEBB90029F776 /* Debug */,
				A7B96DEC1D3AEBB90029F776 /* Release */,
			);
			defaultConfigurationIsVisible = 0;
			defaultConfigurationName = Release;
		};
/* End XCConfigurationList section */
	};
	rootObject = A7B96DCB1D3AEBB90029F776 /* Project object */;
}
